
Microsoft Visual Studio Solution File, Format Version 12.00
# Visual Studio Version 17
VisualStudioVersion = 17.14.36401.2 d17.14
MinimumVisualStudioVersion = 10.0.40219.1
Project("{888888A0-9F3D-457C-B088-3A5042F75D52}") = "logkeeper", "logkeeper.pyproj", "{FE37DAB2-551A-48C4-ADE4-9F0A2AED7615}"
EndProject
Global
	GlobalSection(SolutionConfigurationPlatforms) = preSolution
		Debug|Any CPU = Debug|Any CPU
		Release|Any CPU = Release|Any CPU
	EndGlobalSection
	GlobalSection(ProjectConfigurationPlatforms) = postSolution
		{FE37DAB2-551A-48C4-ADE4-9F0A2AED7615}.Debug|Any CPU.ActiveCfg = Debug|Any CPU
		{FE37DAB2-551A-48C4-ADE4-9F0A2AED7615}.Release|Any CPU.ActiveCfg = Release|Any CPU
	EndGlobalSection
	GlobalSection(SolutionProperties) = preSolution
		HideSolutionNode = FALSE
	EndGlobalSection
	GlobalSection(ExtensibilityGlobals) = postSolution
		SolutionGuid = {A924948C-B195-40C3-AB15-886A7A9E7A24}
	EndGlobalSection
EndGlobal
